PODS:
  - HeapInspector (0.0.9):
    - HeapInspector/no-arc (= 0.0.9)
  - HeapInspector/no-arc (0.0.9)

DEPENDENCIES:
  - HeapInspector (from `../../HeapInspector.podspec`)

EXTERNAL SOURCES:
  HeapInspector:
    :path: ../../HeapInspector.podspec

SPEC CHECKSUMS:
  HeapInspector: b9b703e2d03ffb71de9af8e62d8fa25b32fe776f

COCOAPODS: 0.38.2
