PODS:
  - HeapInspector (0.2.1):
    - HeapInspector/no-arc (= 0.2.1)
  - HeapInspector/no-arc (0.2.1)

DEPENDENCIES:
  - HeapInspector (from `../../HeapInspector.podspec`)

EXTERNAL SOURCES:
  HeapInspector:
    :path: "../../HeapInspector.podspec"

SPEC CHECKSUMS:
  HeapInspector: 94f5b61d92c373bb633dbc0b6e066fdc784def9f

COCOAPODS: 0.38.2
