PODS:
  - HeapInspector (0.0.5):
    - HeapInspector/no-arc (= 0.0.5)
  - HeapInspector/no-arc (0.0.5)

DEPENDENCIES:
  - HeapInspector (from `../../HeapInspector.podspec`)

EXTERNAL SOURCES:
  HeapInspector:
    :path: ../../HeapInspector.podspec

SPEC CHECKSUMS:
  HeapInspector: ffd62f23d6f0d45b0d0bf0761641aadc4b4d158e

COCOAPODS: 0.36.0
